# THIS IS AN AUTOGENERATED FILE. DO NOT EDIT THIS FILE DIRECTLY.
# yarn lockfile v1


"axios@^0.24.0":
  "integrity" "sha512-Q6cWsys88HoPgAaFAVUb0WpPk0O8iTeisR9IMqy9G8AbO4NlpVknrnQS03zzF9PGAWgO3cgletO3VjV/P7VztA=="
  "resolved" "https://registry.npmjs.org/axios/-/axios-0.24.0.tgz"
  "version" "0.24.0"
  dependencies:
    "follow-redirects" "^1.14.4"

"bufferutil@^4.0.1", "bufferutil@^4.0.7":
  "integrity" "sha512-kukuqc39WOHtdxtw4UScxF/WVnMFVSQVKhtx3AjZJzhd0RGZZldcrfSEbVsWWe6KNH253574cq5F+wpv0G9pJw=="
  "resolved" "https://registry.npmjs.org/bufferutil/-/bufferutil-4.0.7.tgz"
  "version" "4.0.7"
  dependencies:
    "node-gyp-build" "^4.3.0"

"follow-redirects@^1.14.4":
  "integrity" "sha512-VQLG33o04KaQ8uYi2tVNbdrWp1QWxNNea+nmIB4EVM28v0hmP17z7aG1+wAkNzVq4KeXTq3221ye5qTJP91JwA=="
  "resolved" "https://registry.npmjs.org/follow-redirects/-/follow-redirects-1.15.2.tgz"
  "version" "1.15.2"

"node-gyp-build@^4.3.0":
  "integrity" "sha512-2iGbaQBV+ITgCz76ZEjmhUKAKVf7xfY1sRl4UiKQspfZMH2h06SyhNsnSVy50cwkFQDGLyif6m/6uFXHkOZ6rg=="
  "resolved" "https://registry.npmjs.org/node-gyp-build/-/node-gyp-build-4.5.0.tgz"
  "version" "4.5.0"

"typed-emitter@^1.4.0":
  "integrity" "sha512-weBmoo3HhpKGgLBOYwe8EB31CzDFuaK7CCL+axXhUYhn4jo6DSkHnbefboCF5i4DQ2aMFe0C/FdTWcPdObgHyg=="
  "resolved" "https://registry.npmjs.org/typed-emitter/-/typed-emitter-1.4.0.tgz"
  "version" "1.4.0"

"utf-8-validate@^5.0.10", "utf-8-validate@^5.0.2":
  "integrity" "sha512-Z6czzLq4u8fPOyx7TU6X3dvUZVvoJmxSQ+IcrlmagKhilxlhZgxPK6C5Jqbkw1IDUmFTM+cz9QDnnLTwDz/2gQ=="
  "resolved" "https://registry.npmjs.org/utf-8-validate/-/utf-8-validate-5.0.10.tgz"
  "version" "5.0.10"
  dependencies:
    "node-gyp-build" "^4.3.0"

"ws@^8.9.0":
  "integrity" "sha512-Ja7nszREasGaYUYCI2k4lCKIRTt+y7XuqVoHR44YpI49TtryyqbqvDMn5eqfW7e6HzTukDRIsXqzVHScqRcafg=="
  "resolved" "https://registry.npmjs.org/ws/-/ws-8.9.0.tgz"
  "version" "8.9.0"

"youtube-chat@^2.1.1":
  "integrity" "sha512-5ybLoadfeTIKVPOLGzz+51h+2eWdLws1lH0vfw9gNp81QMq+ke9NM9HOzWE/+1B9DZnRiLt5riSdF9/3kJ3RTg=="
  "resolved" "https://registry.npmjs.org/youtube-chat/-/youtube-chat-2.1.1.tgz"
  "version" "2.1.1"
  dependencies:
    "axios" "^0.24.0"
    "typed-emitter" "^1.4.0"
